schema: '2.0'
stages:
  train:
    cmd: python src/train.py
    deps:
    - path: src/train.py
      hash: md5
      md5: 0ec667662eff14dfb69d1754a3e0b465
      size: 7070
    params:
      params.yaml:
        train.batch_size: 32
        train.epochs: 5
        train.learning_rate: 0.001
    outs:
    - path: models/lenet5.pth
      hash: md5
      md5: aa7f88f9f688d65e7bb075a02f1f6fc3
      size: 250549
    - path: reports/metrics.json
      hash: md5
      md5: 9f2403871a28ddf622556767f3518578
      size: 49
